
Microsoft Visual Studio Solution File, Format Version 12.00
# Visual Studio Version 17
VisualStudioVersion = 17.0.31903.59
MinimumVisualStudioVersion = 10.0.40219.1
Project("{FAE04EC0-301F-11D3-BF4B-00C04F79EFBC}") = "QuiosqueFood3000.Order.UnitTests", "QuiosqueFood3000.Order.UnitTests\QuiosqueFood3000.Order.UnitTests.csproj", "{0CB6A813-1321-41D1-B41D-91FCDB3E1397}"
EndProject
Project("{FAE04EC0-301F-11D3-BF4B-00C04F79EFBC}") = "QuiosqueFood3000.Api", "QuiosqueFood3000.Api\QuiosqueFood3000.Api.csproj", "{748F1CC9-0A6C-FCF1-6252-FB3A62566B90}"
EndProject
Project("{FAE04EC0-301F-11D3-BF4B-00C04F79EFBC}") = "QuiosqueFood3000.Application", "QuiosqueFood3000.Application\QuiosqueFood3000.Application.csproj", "{B19FA22F-9F89-549B-5DB4-8549D4925921}"
EndProject
Project("{FAE04EC0-301F-11D3-BF4B-00C04F79EFBC}") = "QuiosqueFood3000.Domain", "QuiosqueFood3000.Domain\QuiosqueFood3000.Domain.csproj", "{F69358F1-87A8-5930-59DA-C35C54609CB0}"
EndProject
Project("{FAE04EC0-301F-11D3-BF4B-00C04F79EFBC}") = "QuiosqueFood3000.Infraestructure", "QuiosqueFood3000.Infraestructure\QuiosqueFood3000.Infraestructure.csproj", "{E03159F5-5C80-1424-8E39-9E9FB079C06A}"
EndProject
Global
	GlobalSection(SolutionConfigurationPlatforms) = preSolution
		Debug|Any CPU = Debug|Any CPU
		Debug|x64 = Debug|x64
		Debug|x86 = Debug|x86
		Release|Any CPU = Release|Any CPU
		Release|x64 = Release|x64
		Release|x86 = Release|x86
	EndGlobalSection
	GlobalSection(ProjectConfigurationPlatforms) = postSolution
		{0CB6A813-1321-41D1-B41D-91FCDB3E1397}.Debug|Any CPU.ActiveCfg = Debug|Any CPU
		{0CB6A813-1321-41D1-B41D-91FCDB3E1397}.Debug|Any CPU.Build.0 = Debug|Any CPU
		{0CB6A813-1321-41D1-B41D-91FCDB3E1397}.Debug|x64.ActiveCfg = Debug|Any CPU
		{0CB6A813-1321-41D1-B41D-91FCDB3E1397}.Debug|x64.Build.0 = Debug|Any CPU
		{0CB6A813-1321-41D1-B41D-91FCDB3E1397}.Debug|x86.ActiveCfg = Debug|Any CPU
		{0CB6A813-1321-41D1-B41D-91FCDB3E1397}.Debug|x86.Build.0 = Debug|Any CPU
		{0CB6A813-1321-41D1-B41D-91FCDB3E1397}.Release|Any CPU.ActiveCfg = Release|Any CPU
		{0CB6A813-1321-41D1-B41D-91FCDB3E1397}.Release|Any CPU.Build.0 = Release|Any CPU
		{0CB6A813-1321-41D1-B41D-91FCDB3E1397}.Release|x64.ActiveCfg = Release|Any CPU
		{0CB6A813-1321-41D1-B41D-91FCDB3E1397}.Release|x64.Build.0 = Release|Any CPU
		{0CB6A813-1321-41D1-B41D-91FCDB3E1397}.Release|x86.ActiveCfg = Release|Any CPU
		{0CB6A813-1321-41D1-B41D-91FCDB3E1397}.Release|x86.Build.0 = Release|Any CPU
		{748F1CC9-0A6C-FCF1-6252-FB3A62566B90}.Debug|Any CPU.ActiveCfg = Debug|Any CPU
		{748F1CC9-0A6C-FCF1-6252-FB3A62566B90}.Debug|Any CPU.Build.0 = Debug|Any CPU
		{748F1CC9-0A6C-FCF1-6252-FB3A62566B90}.Debug|x64.ActiveCfg = Debug|Any CPU
		{748F1CC9-0A6C-FCF1-6252-FB3A62566B90}.Debug|x64.Build.0 = Debug|Any CPU
		{748F1CC9-0A6C-FCF1-6252-FB3A62566B90}.Debug|x86.ActiveCfg = Debug|Any CPU
		{748F1CC9-0A6C-FCF1-6252-FB3A62566B90}.Debug|x86.Build.0 = Debug|Any CPU
		{748F1CC9-0A6C-FCF1-6252-FB3A62566B90}.Release|Any CPU.ActiveCfg = Release|Any CPU
		{748F1CC9-0A6C-FCF1-6252-FB3A62566B90}.Release|Any CPU.Build.0 = Release|Any CPU
		{748F1CC9-0A6C-FCF1-6252-FB3A62566B90}.Release|x64.ActiveCfg = Release|Any CPU
		{748F1CC9-0A6C-FCF1-6252-FB3A62566B90}.Release|x64.Build.0 = Release|Any CPU
		{748F1CC9-0A6C-FCF1-6252-FB3A62566B90}.Release|x86.ActiveCfg = Release|Any CPU
		{748F1CC9-0A6C-FCF1-6252-FB3A62566B90}.Release|x86.Build.0 = Release|Any CPU
		{B19FA22F-9F89-549B-5DB4-8549D4925921}.Debug|Any CPU.ActiveCfg = Debug|Any CPU
		{B19FA22F-9F89-549B-5DB4-8549D4925921}.Debug|Any CPU.Build.0 = Debug|Any CPU
		{B19FA22F-9F89-549B-5DB4-8549D4925921}.Debug|x64.ActiveCfg = Debug|Any CPU
		{B19FA22F-9F89-549B-5DB4-8549D4925921}.Debug|x64.Build.0 = Debug|Any CPU
		{B19FA22F-9F89-549B-5DB4-8549D4925921}.Debug|x86.ActiveCfg = Debug|Any CPU
		{B19FA22F-9F89-549B-5DB4-8549D4925921}.Debug|x86.Build.0 = Debug|Any CPU
		{B19FA22F-9F89-549B-5DB4-8549D4925921}.Release|Any CPU.ActiveCfg = Release|Any CPU
		{B19FA22F-9F89-549B-5DB4-8549D4925921}.Release|Any CPU.Build.0 = Release|Any CPU
		{B19FA22F-9F89-549B-5DB4-8549D4925921}.Release|x64.ActiveCfg = Release|Any CPU
		{B19FA22F-9F89-549B-5DB4-8549D4925921}.Release|x64.Build.0 = Release|Any CPU
		{B19FA22F-9F89-549B-5DB4-8549D4925921}.Release|x86.ActiveCfg = Release|Any CPU
		{B19FA22F-9F89-549B-5DB4-8549D4925921}.Release|x86.Build.0 = Release|Any CPU
		{F69358F1-87A8-5930-59DA-C35C54609CB0}.Debug|Any CPU.ActiveCfg = Debug|Any CPU
		{F69358F1-87A8-5930-59DA-C35C54609CB0}.Debug|Any CPU.Build.0 = Debug|Any CPU
		{F69358F1-87A8-5930-59DA-C35C54609CB0}.Debug|x64.ActiveCfg = Debug|Any CPU
		{F69358F1-87A8-5930-59DA-C35C54609CB0}.Debug|x64.Build.0 = Debug|Any CPU
		{F69358F1-87A8-5930-59DA-C35C54609CB0}.Debug|x86.ActiveCfg = Debug|Any CPU
		{F69358F1-87A8-5930-59DA-C35C54609CB0}.Debug|x86.Build.0 = Debug|Any CPU
		{F69358F1-87A8-5930-59DA-C35C54609CB0}.Release|Any CPU.ActiveCfg = Release|Any CPU
		{F69358F1-87A8-5930-59DA-C35C54609CB0}.Release|Any CPU.Build.0 = Release|Any CPU
		{F69358F1-87A8-5930-59DA-C35C54609CB0}.Release|x64.ActiveCfg = Release|Any CPU
		{F69358F1-87A8-5930-59DA-C35C54609CB0}.Release|x64.Build.0 = Release|Any CPU
		{F69358F1-87A8-5930-59DA-C35C54609CB0}.Release|x86.ActiveCfg = Release|Any CPU
		{F69358F1-87A8-5930-59DA-C35C54609CB0}.Release|x86.Build.0 = Release|Any CPU
		{E03159F5-5C80-1424-8E39-9E9FB079C06A}.Debug|Any CPU.ActiveCfg = Debug|Any CPU
		{E03159F5-5C80-1424-8E39-9E9FB079C06A}.Debug|Any CPU.Build.0 = Debug|Any CPU
		{E03159F5-5C80-1424-8E39-9E9FB079C06A}.Debug|x64.ActiveCfg = Debug|Any CPU
		{E03159F5-5C80-1424-8E39-9E9FB079C06A}.Debug|x64.Build.0 = Debug|Any CPU
		{E03159F5-5C80-1424-8E39-9E9FB079C06A}.Debug|x86.ActiveCfg = Debug|Any CPU
		{E03159F5-5C80-1424-8E39-9E9FB079C06A}.Debug|x86.Build.0 = Debug|Any CPU
		{E03159F5-5C80-1424-8E39-9E9FB079C06A}.Release|Any CPU.ActiveCfg = Release|Any CPU
		{E03159F5-5C80-1424-8E39-9E9FB079C06A}.Release|Any CPU.Build.0 = Release|Any CPU
		{E03159F5-5C80-1424-8E39-9E9FB079C06A}.Release|x64.ActiveCfg = Release|Any CPU
		{E03159F5-5C80-1424-8E39-9E9FB079C06A}.Release|x64.Build.0 = Release|Any CPU
		{E03159F5-5C80-1424-8E39-9E9FB079C06A}.Release|x86.ActiveCfg = Release|Any CPU
		{E03159F5-5C80-1424-8E39-9E9FB079C06A}.Release|x86.Build.0 = Release|Any CPU
	EndGlobalSection
	GlobalSection(SolutionProperties) = preSolution
		HideSolutionNode = FALSE
	EndGlobalSection
EndGlobal
