
Microsoft Visual Studio Solution File, Format Version 12.00
# Visual Studio Version 17
VisualStudioVersion = 17.0.31903.59
MinimumVisualStudioVersion = 10.0.40219.1
Project("{2150E333-8FDC-42A3-9474-1A3956D46DE8}") = "src", "src", "{827E0CD3-B72D-47B6-A68D-7590B98EB39B}"
EndProject
Project("{FAE04EC0-301F-11D3-BF4B-00C04F79EFBC}") = "QuiosqueFood3000.Api", "src\QuiosqueFood3000.Api\QuiosqueFood3000.Api.csproj", "{4F40EEB2-FCEA-4D17-B683-0240CACA1D05}"
EndProject
Project("{FAE04EC0-301F-11D3-BF4B-00C04F79EFBC}") = "QuiosqueFood3000.Application", "src\QuiosqueFood3000.Application\QuiosqueFood3000.Application.csproj", "{1C0C4E09-10EA-4015-A73D-EC9E6146E319}"
EndProject
Project("{FAE04EC0-301F-11D3-BF4B-00C04F79EFBC}") = "QuiosqueFood3000.Domain", "src\QuiosqueFood3000.Domain\QuiosqueFood3000.Domain.csproj", "{D26D841C-6034-4582-AC30-BB904A7430F1}"
EndProject
Project("{FAE04EC0-301F-11D3-BF4B-00C04F79EFBC}") = "QuiosqueFood3000.Infraestructure", "src\QuiosqueFood3000.Infraestructure\QuiosqueFood3000.Infraestructure.csproj", "{477E856A-E4A6-4BEE-A680-F931158B74A9}"
EndProject
Project("{FAE04EC0-301F-11D3-BF4B-00C04F79EFBC}") = "QuiosqueFood3000.Order.UnitTests", "src\QuiosqueFood3000.Order.UnitTests\QuiosqueFood3000.Order.UnitTests.csproj", "{0CB6A813-1321-41D1-B41D-91FCDB3E1397}"
EndProject
Global
	GlobalSection(SolutionConfigurationPlatforms) = preSolution
		Debug|Any CPU = Debug|Any CPU
		Debug|x64 = Debug|x64
		Debug|x86 = Debug|x86
		Release|Any CPU = Release|Any CPU
		Release|x64 = Release|x64
		Release|x86 = Release|x86
	EndGlobalSection
	GlobalSection(ProjectConfigurationPlatforms) = postSolution
		{4F40EEB2-FCEA-4D17-B683-0240CACA1D05}.Debug|Any CPU.ActiveCfg = Debug|Any CPU
		{4F40EEB2-FCEA-4D17-B683-0240CACA1D05}.Debug|Any CPU.Build.0 = Debug|Any CPU
		{4F40EEB2-FCEA-4D17-B683-0240CACA1D05}.Debug|x64.ActiveCfg = Debug|Any CPU
		{4F40EEB2-FCEA-4D17-B683-0240CACA1D05}.Debug|x64.Build.0 = Debug|Any CPU
		{4F40EEB2-FCEA-4D17-B683-0240CACA1D05}.Debug|x86.ActiveCfg = Debug|Any CPU
		{4F40EEB2-FCEA-4D17-B683-0240CACA1D05}.Debug|x86.Build.0 = Debug|Any CPU
		{4F40EEB2-FCEA-4D17-B683-0240CACA1D05}.Release|Any CPU.ActiveCfg = Release|Any CPU
		{4F40EEB2-FCEA-4D17-B683-0240CACA1D05}.Release|Any CPU.Build.0 = Release|Any CPU
		{4F40EEB2-FCEA-4D17-B683-0240CACA1D05}.Release|x64.ActiveCfg = Release|Any CPU
		{4F40EEB2-FCEA-4D17-B683-0240CACA1D05}.Release|x64.Build.0 = Release|Any CPU
		{4F40EEB2-FCEA-4D17-B683-0240CACA1D05}.Release|x86.ActiveCfg = Release|Any CPU
		{4F40EEB2-FCEA-4D17-B683-0240CACA1D05}.Release|x86.Build.0 = Release|Any CPU
		{1C0C4E09-10EA-4015-A73D-EC9E6146E319}.Debug|Any CPU.ActiveCfg = Debug|Any CPU
		{1C0C4E09-10EA-4015-A73D-EC9E6146E319}.Debug|Any CPU.Build.0 = Debug|Any CPU
		{1C0C4E09-10EA-4015-A73D-EC9E6146E319}.Debug|x64.ActiveCfg = Debug|Any CPU
		{1C0C4E09-10EA-4015-A73D-EC9E6146E319}.Debug|x64.Build.0 = Debug|Any CPU
		{1C0C4E09-10EA-4015-A73D-EC9E6146E319}.Debug|x86.ActiveCfg = Debug|Any CPU
		{1C0C4E09-10EA-4015-A73D-EC9E6146E319}.Debug|x86.Build.0 = Debug|Any CPU
		{1C0C4E09-10EA-4015-A73D-EC9E6146E319}.Release|Any CPU.ActiveCfg = Release|Any CPU
		{1C0C4E09-10EA-4015-A73D-EC9E6146E319}.Release|Any CPU.Build.0 = Release|Any CPU
		{1C0C4E09-10EA-4015-A73D-EC9E6146E319}.Release|x64.ActiveCfg = Release|Any CPU
		{1C0C4E09-10EA-4015-A73D-EC9E6146E319}.Release|x64.Build.0 = Release|Any CPU
		{1C0C4E09-10EA-4015-A73D-EC9E6146E319}.Release|x86.ActiveCfg = Release|Any CPU
		{1C0C4E09-10EA-4015-A73D-EC9E6146E319}.Release|x86.Build.0 = Release|Any CPU
		{D26D841C-6034-4582-AC30-BB904A7430F1}.Debug|Any CPU.ActiveCfg = Debug|Any CPU
		{D26D841C-6034-4582-AC30-BB904A7430F1}.Debug|Any CPU.Build.0 = Debug|Any CPU
		{D26D841C-6034-4582-AC30-BB904A7430F1}.Debug|x64.ActiveCfg = Debug|Any CPU
		{D26D841C-6034-4582-AC30-BB904A7430F1}.Debug|x64.Build.0 = Debug|Any CPU
		{D26D841C-6034-4582-AC30-BB904A7430F1}.Debug|x86.ActiveCfg = Debug|Any CPU
		{D26D841C-6034-4582-AC30-BB904A7430F1}.Debug|x86.Build.0 = Debug|Any CPU
		{D26D841C-6034-4582-AC30-BB904A7430F1}.Release|Any CPU.ActiveCfg = Release|Any CPU
		{D26D841C-6034-4582-AC30-BB904A7430F1}.Release|Any CPU.Build.0 = Release|Any CPU
		{D26D841C-6034-4582-AC30-BB904A7430F1}.Release|x64.ActiveCfg = Release|Any CPU
		{D26D841C-6034-4582-AC30-BB904A7430F1}.Release|x64.Build.0 = Release|Any CPU
		{D26D841C-6034-4582-AC30-BB904A7430F1}.Release|x86.ActiveCfg = Release|Any CPU
		{D26D841C-6034-4582-AC30-BB904A7430F1}.Release|x86.Build.0 = Release|Any CPU
		{477E856A-E4A6-4BEE-A680-F931158B74A9}.Debug|Any CPU.ActiveCfg = Debug|Any CPU
		{477E856A-E4A6-4BEE-A680-F931158B74A9}.Debug|Any CPU.Build.0 = Debug|Any CPU
		{477E856A-E4A6-4BEE-A680-F931158B74A9}.Debug|x64.ActiveCfg = Debug|Any CPU
		{477E856A-E4A6-4BEE-A680-F931158B74A9}.Debug|x64.Build.0 = Debug|Any CPU
		{477E856A-E4A6-4BEE-A680-F931158B74A9}.Debug|x86.ActiveCfg = Debug|Any CPU
		{477E856A-E4A6-4BEE-A680-F931158B74A9}.Debug|x86.Build.0 = Debug|Any CPU
		{477E856A-E4A6-4BEE-A680-F931158B74A9}.Release|Any CPU.ActiveCfg = Release|Any CPU
		{477E856A-E4A6-4BEE-A680-F931158B74A9}.Release|Any CPU.Build.0 = Release|Any CPU
		{477E856A-E4A6-4BEE-A680-F931158B74A9}.Release|x64.ActiveCfg = Release|Any CPU
		{477E856A-E4A6-4BEE-A680-F931158B74A9}.Release|x64.Build.0 = Release|Any CPU
		{477E856A-E4A6-4BEE-A680-F931158B74A9}.Release|x86.ActiveCfg = Release|Any CPU
		{477E856A-E4A6-4BEE-A680-F931158B74A9}.Release|x86.Build.0 = Release|Any CPU
		{0CB6A813-1321-41D1-B41D-91FCDB3E1397}.Debug|Any CPU.ActiveCfg = Debug|Any CPU
		{0CB6A813-1321-41D1-B41D-91FCDB3E1397}.Debug|Any CPU.Build.0 = Debug|Any CPU
		{0CB6A813-1321-41D1-B41D-91FCDB3E1397}.Debug|x64.ActiveCfg = Debug|Any CPU
		{0CB6A813-1321-41D1-B41D-91FCDB3E1397}.Debug|x64.Build.0 = Debug|Any CPU
		{0CB6A813-1321-41D1-B41D-91FCDB3E1397}.Debug|x86.ActiveCfg = Debug|Any CPU
		{0CB6A813-1321-41D1-B41D-91FCDB3E1397}.Debug|x86.Build.0 = Debug|Any CPU
		{0CB6A813-1321-41D1-B41D-91FCDB3E1397}.Release|Any CPU.ActiveCfg = Release|Any CPU
		{0CB6A813-1321-41D1-B41D-91FCDB3E1397}.Release|Any CPU.Build.0 = Release|Any CPU
		{0CB6A813-1321-41D1-B41D-91FCDB3E1397}.Release|x64.ActiveCfg = Release|Any CPU
		{0CB6A813-1321-41D1-B41D-91FCDB3E1397}.Release|x64.Build.0 = Release|Any CPU
		{0CB6A813-1321-41D1-B41D-91FCDB3E1397}.Release|x86.ActiveCfg = Release|Any CPU
		{0CB6A813-1321-41D1-B41D-91FCDB3E1397}.Release|x86.Build.0 = Release|Any CPU
	EndGlobalSection
	GlobalSection(SolutionProperties) = preSolution
		HideSolutionNode = FALSE
	EndGlobalSection
	GlobalSection(NestedProjects) = preSolution
		{4F40EEB2-FCEA-4D17-B683-0240CACA1D05} = {827E0CD3-B72D-47B6-A68D-7590B98EB39B}
		{1C0C4E09-10EA-4015-A73D-EC9E6146E319} = {827E0CD3-B72D-47B6-A68D-7590B98EB39B}
		{D26D841C-6034-4582-AC30-BB904A7430F1} = {827E0CD3-B72D-47B6-A68D-7590B98EB39B}
		{477E856A-E4A6-4BEE-A680-F931158B74A9} = {827E0CD3-B72D-47B6-A68D-7590B98EB39B}
		{0CB6A813-1321-41D1-B41D-91FCDB3E1397} = {827E0CD3-B72D-47B6-A68D-7590B98EB39B}
	EndGlobalSection
EndGlobal
